
Microsoft Visual Studio Solution File, Format Version 12.00
Project("{FAE04EC0-301F-11D3-BF4B-00C04F79EFBC}") = "PDFAsset", "PDFAsset\PDFAsset\PDFAsset.csproj", "{59C41FE6-1C1E-4A23-A107-CA867AE93E47}"
EndProject
Project("{FAE04EC0-301F-11D3-BF4B-00C04F79EFBC}") = "PDFAsset.iOS", "PDFAsset\PDFAsset.iOS\PDFAsset.iOS.csproj", "{6C0C1F5B-F18E-498F-8D1A-A779A30C5643}"
EndProject
Global
	GlobalSection(SolutionConfigurationPlatforms) = preSolution
		Ad-Hoc|iPhone = Ad-Hoc|iPhone
		AppStore|iPhone = AppStore|iPhone
		Debug|Any CPU = Debug|Any CPU
		Debug|iPhone = Debug|iPhone
		Debug|iPhoneSimulator = Debug|iPhoneSimulator
		Release|Any CPU = Release|Any CPU
		Release|iPhone = Release|iPhone
		Release|iPhoneSimulator = Release|iPhoneSimulator
	EndGlobalSection
	GlobalSection(ProjectConfigurationPlatforms) = postSolution
		{59C41FE6-1C1E-4A23-A107-CA867AE93E47}.Ad-Hoc|iPhone.ActiveCfg = Debug|Any CPU
		{59C41FE6-1C1E-4A23-A107-CA867AE93E47}.Ad-Hoc|iPhone.Build.0 = Debug|Any CPU
		{59C41FE6-1C1E-4A23-A107-CA867AE93E47}.AppStore|iPhone.ActiveCfg = Debug|Any CPU
		{59C41FE6-1C1E-4A23-A107-CA867AE93E47}.AppStore|iPhone.Build.0 = Debug|Any CPU
		{59C41FE6-1C1E-4A23-A107-CA867AE93E47}.Debug|Any CPU.ActiveCfg = Debug|Any CPU
		{59C41FE6-1C1E-4A23-A107-CA867AE93E47}.Debug|Any CPU.Build.0 = Debug|Any CPU
		{59C41FE6-1C1E-4A23-A107-CA867AE93E47}.Debug|iPhone.ActiveCfg = Debug|Any CPU
		{59C41FE6-1C1E-4A23-A107-CA867AE93E47}.Debug|iPhone.Build.0 = Debug|Any CPU
		{59C41FE6-1C1E-4A23-A107-CA867AE93E47}.Debug|iPhoneSimulator.ActiveCfg = Debug|Any CPU
		{59C41FE6-1C1E-4A23-A107-CA867AE93E47}.Debug|iPhoneSimulator.Build.0 = Debug|Any CPU
		{59C41FE6-1C1E-4A23-A107-CA867AE93E47}.Release|Any CPU.ActiveCfg = Release|Any CPU
		{59C41FE6-1C1E-4A23-A107-CA867AE93E47}.Release|Any CPU.Build.0 = Release|Any CPU
		{59C41FE6-1C1E-4A23-A107-CA867AE93E47}.Release|iPhone.ActiveCfg = Release|Any CPU
		{59C41FE6-1C1E-4A23-A107-CA867AE93E47}.Release|iPhone.Build.0 = Release|Any CPU
		{59C41FE6-1C1E-4A23-A107-CA867AE93E47}.Release|iPhoneSimulator.ActiveCfg = Release|Any CPU
		{59C41FE6-1C1E-4A23-A107-CA867AE93E47}.Release|iPhoneSimulator.Build.0 = Release|Any CPU
		{6C0C1F5B-F18E-498F-8D1A-A779A30C5643}.Ad-Hoc|iPhone.ActiveCfg = Ad-Hoc|iPhone
		{6C0C1F5B-F18E-498F-8D1A-A779A30C5643}.Ad-Hoc|iPhone.Build.0 = Ad-Hoc|iPhone
		{6C0C1F5B-F18E-498F-8D1A-A779A30C5643}.Ad-Hoc|iPhone.Deploy.0 = Ad-Hoc|iPhone
		{6C0C1F5B-F18E-498F-8D1A-A779A30C5643}.AppStore|iPhone.ActiveCfg = AppStore|iPhone
		{6C0C1F5B-F18E-498F-8D1A-A779A30C5643}.AppStore|iPhone.Build.0 = AppStore|iPhone
		{6C0C1F5B-F18E-498F-8D1A-A779A30C5643}.AppStore|iPhone.Deploy.0 = AppStore|iPhone
		{6C0C1F5B-F18E-498F-8D1A-A779A30C5643}.Debug|Any CPU.ActiveCfg = Debug|iPhoneSimulator
		{6C0C1F5B-F18E-498F-8D1A-A779A30C5643}.Debug|Any CPU.Build.0 = Debug|iPhoneSimulator
		{6C0C1F5B-F18E-498F-8D1A-A779A30C5643}.Debug|Any CPU.Deploy.0 = Debug|iPhoneSimulator
		{6C0C1F5B-F18E-498F-8D1A-A779A30C5643}.Debug|iPhone.ActiveCfg = Debug|iPhone
		{6C0C1F5B-F18E-498F-8D1A-A779A30C5643}.Debug|iPhone.Build.0 = Debug|iPhone
		{6C0C1F5B-F18E-498F-8D1A-A779A30C5643}.Debug|iPhone.Deploy.0 = Debug|iPhone
		{6C0C1F5B-F18E-498F-8D1A-A779A30C5643}.Debug|iPhoneSimulator.ActiveCfg = Debug|iPhoneSimulator
		{6C0C1F5B-F18E-498F-8D1A-A779A30C5643}.Debug|iPhoneSimulator.Build.0 = Debug|iPhoneSimulator
		{6C0C1F5B-F18E-498F-8D1A-A779A30C5643}.Debug|iPhoneSimulator.Deploy.0 = Debug|iPhoneSimulator
		{6C0C1F5B-F18E-498F-8D1A-A779A30C5643}.Release|Any CPU.ActiveCfg = Release|iPhoneSimulator
		{6C0C1F5B-F18E-498F-8D1A-A779A30C5643}.Release|Any CPU.Build.0 = Release|iPhoneSimulator
		{6C0C1F5B-F18E-498F-8D1A-A779A30C5643}.Release|Any CPU.Deploy.0 = Release|iPhoneSimulator
		{6C0C1F5B-F18E-498F-8D1A-A779A30C5643}.Release|iPhone.ActiveCfg = Release|iPhone
		{6C0C1F5B-F18E-498F-8D1A-A779A30C5643}.Release|iPhone.Build.0 = Release|iPhone
		{6C0C1F5B-F18E-498F-8D1A-A779A30C5643}.Release|iPhone.Deploy.0 = Release|iPhone
		{6C0C1F5B-F18E-498F-8D1A-A779A30C5643}.Release|iPhoneSimulator.ActiveCfg = Release|iPhoneSimulator
		{6C0C1F5B-F18E-498F-8D1A-A779A30C5643}.Release|iPhoneSimulator.Build.0 = Release|iPhoneSimulator
		{6C0C1F5B-F18E-498F-8D1A-A779A30C5643}.Release|iPhoneSimulator.Deploy.0 = Release|iPhoneSimulator
	EndGlobalSection
EndGlobal
